// !$*UTF8*$!
{
	archiveVersion = 1;
	classes = {
	};
	objectVersion = 50;
	objects = {

/* Begin PBXBuildFile section */
		04DB178324A213D3008687C3 /* WidgetKit.framework in Frameworks */ = {isa = PBXBuildFile; fileRef = 04DB178224A213D3008687C3 /* WidgetKit.framework */; };
		04DB178524A213D3008687C3 /* SwiftUI.framework in Frameworks */ = {isa = PBXBuildFile; fileRef = 04DB178424A213D3008687C3 /* SwiftUI.framework */; };
		04DB178824A213D3008687C3 /* Analysis_of_Browsing.swift in Sources */ = {isa = PBXBuildFile; fileRef = 04DB178724A213D3008687C3 /* Analysis_of_Browsing.swift */; };
		04DB178B24A213D6008687C3 /* Assets.xcassets in Resources */ = {isa = PBXBuildFile; fileRef = 04DB178A24A213D6008687C3 /* Assets.xcassets */; };
		04DB178D24A213D6008687C3 /* Analysis_of_Browsing.intentdefinition in Sources */ = {isa = PBXBuildFile; fileRef = 04DB178924A213D3008687C3 /* Analysis_of_Browsing.intentdefinition */; };
		04DB178E24A213D6008687C3 /* Analysis_of_Browsing.intentdefinition in Sources */ = {isa = PBXBuildFile; fileRef = 04DB178924A213D3008687C3 /* Analysis_of_Browsing.intentdefinition */; };
		04DB179124A213D6008687C3 /* Analysis of BrowsingExtension.appex in Embed App Extensions */ = {isa = PBXBuildFile; fileRef = 04DB178024A213D3008687C3 /* Analysis of BrowsingExtension.appex */; settings = {ATTRIBUTES = (RemoveHeadersOnCopy, ); }; };
		04DB179724A21491008687C3 /* DrawArc.swift in Sources */ = {isa = PBXBuildFile; fileRef = 04DB179624A21491008687C3 /* DrawArc.swift */; };
		04DB179A24A215A6008687C3 /* MyTextViews.swift in Sources */ = {isa = PBXBuildFile; fileRef = ACDED380249F6D10007B7FFB /* MyTextViews.swift */; };
		04DB179B24A215BB008687C3 /* Enums.swift in Sources */ = {isa = PBXBuildFile; fileRef = ACDED382249F6D67007B7FFB /* Enums.swift */; };
		04DB179C24A215C3008687C3 /* SFProText-Medium.ttf in Resources */ = {isa = PBXBuildFile; fileRef = ACDED387249F6DFF007B7FFB /* SFProText-Medium.ttf */; };
		04DB179D24A215C3008687C3 /* SFProText-Semibold.ttf in Resources */ = {isa = PBXBuildFile; fileRef = ACDED388249F6DFF007B7FFB /* SFProText-Semibold.ttf */; };
		04DB179E24A215C3008687C3 /* SFProText-Regular.ttf in Resources */ = {isa = PBXBuildFile; fileRef = ACDED385249F6DFE007B7FFB /* SFProText-Regular.ttf */; };
		04DB179F24A215C3008687C3 /* SFProText-Bold.ttf in Resources */ = {isa = PBXBuildFile; fileRef = ACDED389249F6DFF007B7FFB /* SFProText-Bold.ttf */; };
		04DB17A024A215C3008687C3 /* SFProText-Heavy.ttf in Resources */ = {isa = PBXBuildFile; fileRef = ACDED386249F6DFF007B7FFB /* SFProText-Heavy.ttf */; };
		04DB17A524A2288B008687C3 /* ArcForWidget.swift in Sources */ = {isa = PBXBuildFile; fileRef = 04DB17A324A22885008687C3 /* ArcForWidget.swift */; };
		AC0385AD24A0277600323238 /* WebBrowserView.swift in Sources */ = {isa = PBXBuildFile; fileRef = AC0385AC24A0277600323238 /* WebBrowserView.swift */; };
		AC0385AF24A0279A00323238 /* SmallButtonView.swift in Sources */ = {isa = PBXBuildFile; fileRef = AC0385AE24A0279A00323238 /* SmallButtonView.swift */; };
		AC0385B124A027FE00323238 /* ArcAndDataAnalyticsView.swift in Sources */ = {isa = PBXBuildFile; fileRef = AC0385B024A027FE00323238 /* ArcAndDataAnalyticsView.swift */; };
		ACDED36D249F4B58007B7FFB /* AppDelegate.swift in Sources */ = {isa = PBXBuildFile; fileRef = ACDED36C249F4B58007B7FFB /* AppDelegate.swift */; };
		ACDED36F249F4B58007B7FFB /* SceneDelegate.swift in Sources */ = {isa = PBXBuildFile; fileRef = ACDED36E249F4B58007B7FFB /* SceneDelegate.swift */; };
		ACDED371249F4B58007B7FFB /* ContentView.swift in Sources */ = {isa = PBXBuildFile; fileRef = ACDED370249F4B58007B7FFB /* ContentView.swift */; };
		ACDED373249F4B5C007B7FFB /* Assets.xcassets in Resources */ = {isa = PBXBuildFile; fileRef = ACDED372249F4B5C007B7FFB /* Assets.xcassets */; };
		ACDED376249F4B5C007B7FFB /* Preview Assets.xcassets in Resources */ = {isa = PBXBuildFile; fileRef = ACDED375249F4B5C007B7FFB /* Preview Assets.xcassets */; };
		ACDED379249F4B5C007B7FFB /* LaunchScreen.storyboard in Resources */ = {isa = PBXBuildFile; fileRef = ACDED377249F4B5C007B7FFB /* LaunchScreen.storyboard */; };
		ACDED381249F6D10007B7FFB /* MyTextViews.swift in Sources */ = {isa = PBXBuildFile; fileRef = ACDED380249F6D10007B7FFB /* MyTextViews.swift */; };
		ACDED383249F6D67007B7FFB /* Enums.swift in Sources */ = {isa = PBXBuildFile; fileRef = ACDED382249F6D67007B7FFB /* Enums.swift */; };
		ACDED38A249F7C7E007B7FFB /* SFProText-Bold.ttf in Resources */ = {isa = PBXBuildFile; fileRef = ACDED389249F6DFF007B7FFB /* SFProText-Bold.ttf */; };
		ACDED38B249F7C80007B7FFB /* SFProText-Heavy.ttf in Resources */ = {isa = PBXBuildFile; fileRef = ACDED386249F6DFF007B7FFB /* SFProText-Heavy.ttf */; };
		ACDED38C249F7C82007B7FFB /* SFProText-Medium.ttf in Resources */ = {isa = PBXBuildFile; fileRef = ACDED387249F6DFF007B7FFB /* SFProText-Medium.ttf */; };
		ACDED38D249F7C85007B7FFB /* SFProText-Regular.ttf in Resources */ = {isa = PBXBuildFile; fileRef = ACDED385249F6DFE007B7FFB /* SFProText-Regular.ttf */; };
		ACDED38E249F7C88007B7FFB /* SFProText-Semibold.ttf in Resources */ = {isa = PBXBuildFile; fileRef = ACDED388249F6DFF007B7FFB /* SFProText-Semibold.ttf */; };
		ACDED390249FB9CC007B7FFB /* ViewModal.swift in Sources */ = {isa = PBXBuildFile; fileRef = ACDED38F249FB9CC007B7FFB /* ViewModal.swift */; };
		ACDED395249FC440007B7FFB /* ModalPopUpView.swift in Sources */ = {isa = PBXBuildFile; fileRef = ACDED394249FC440007B7FFB /* ModalPopUpView.swift */; };
/* End PBXBuildFile section */

/* Begin PBXContainerItemProxy section */
		04DB178F24A213D6008687C3 /* PBXContainerItemProxy */ = {
			isa = PBXContainerItemProxy;
			containerPortal = ACDED361249F4B58007B7FFB /* Project object */;
			proxyType = 1;
			remoteGlobalIDString = 04DB177F24A213D3008687C3;
			remoteInfo = "Analysis of BrowsingExtension";
		};
/* End PBXContainerItemProxy section */

/* Begin PBXCopyFilesBuildPhase section */
		04DB179224A213D6008687C3 /* Embed App Extensions */ = {
			isa = PBXCopyFilesBuildPhase;
			buildActionMask = 2147483647;
			dstPath = "";
			dstSubfolderSpec = 13;
			files = (
				04DB179124A213D6008687C3 /* Analysis of BrowsingExtension.appex in Embed App Extensions */,
			);
			name = "Embed App Extensions";
			runOnlyForDeploymentPostprocessing = 0;
		};
/* End PBXCopyFilesBuildPhase section */

/* Begin PBXFileReference section */
		04DB178024A213D3008687C3 /* Analysis of BrowsingExtension.appex */ = {isa = PBXFileReference; explicitFileType = "wrapper.app-extension"; includeInIndex = 0; path = "Analysis of BrowsingExtension.appex"; sourceTree = BUILT_PRODUCTS_DIR; };
		04DB178224A213D3008687C3 /* WidgetKit.framework */ = {isa = PBXFileReference; lastKnownFileType = wrapper.framework; name = WidgetKit.framework; path = System/Library/Frameworks/WidgetKit.framework; sourceTree = SDKROOT; };
		04DB178424A213D3008687C3 /* SwiftUI.framework */ = {isa = PBXFileReference; lastKnownFileType = wrapper.framework; name = SwiftUI.framework; path = System/Library/Frameworks/SwiftUI.framework; sourceTree = SDKROOT; };
		04DB178724A213D3008687C3 /* Analysis_of_Browsing.swift */ = {isa = PBXFileReference; lastKnownFileType = sourcecode.swift; path = Analysis_of_Browsing.swift; sourceTree = "<group>"; };
		04DB178924A213D3008687C3 /* Analysis_of_Browsing.intentdefinition */ = {isa = PBXFileReference; lastKnownFileType = file.intentdefinition; path = Analysis_of_Browsing.intentdefinition; sourceTree = "<group>"; };
		04DB178A24A213D6008687C3 /* Assets.xcassets */ = {isa = PBXFileReference; lastKnownFileType = folder.assetcatalog; path = Assets.xcassets; sourceTree = "<group>"; };
		04DB178C24A213D6008687C3 /* Info.plist */ = {isa = PBXFileReference; lastKnownFileType = text.plist.xml; path = Info.plist; sourceTree = "<group>"; };
		04DB179624A21491008687C3 /* DrawArc.swift */ = {isa = PBXFileReference; lastKnownFileType = sourcecode.swift; path = DrawArc.swift; sourceTree = "<group>"; };
		04DB17A324A22885008687C3 /* ArcForWidget.swift */ = {isa = PBXFileReference; lastKnownFileType = sourcecode.swift; path = ArcForWidget.swift; sourceTree = "<group>"; };
		AC0385AC24A0277600323238 /* WebBrowserView.swift */ = {isa = PBXFileReference; lastKnownFileType = sourcecode.swift; path = WebBrowserView.swift; sourceTree = "<group>"; };
		AC0385AE24A0279A00323238 /* SmallButtonView.swift */ = {isa = PBXFileReference; lastKnownFileType = sourcecode.swift; path = SmallButtonView.swift; sourceTree = "<group>"; };
		AC0385B024A027FE00323238 /* ArcAndDataAnalyticsView.swift */ = {isa = PBXFileReference; lastKnownFileType = sourcecode.swift; path = ArcAndDataAnalyticsView.swift; sourceTree = "<group>"; };
		ACDED369249F4B58007B7FFB /* Safe Browser.app */ = {isa = PBXFileReference; explicitFileType = wrapper.application; includeInIndex = 0; path = "Safe Browser.app"; sourceTree = BUILT_PRODUCTS_DIR; };
		ACDED36C249F4B58007B7FFB /* AppDelegate.swift */ = {isa = PBXFileReference; lastKnownFileType = sourcecode.swift; path = AppDelegate.swift; sourceTree = "<group>"; };
		ACDED36E249F4B58007B7FFB /* SceneDelegate.swift */ = {isa = PBXFileReference; lastKnownFileType = sourcecode.swift; path = SceneDelegate.swift; sourceTree = "<group>"; };
		ACDED370249F4B58007B7FFB /* ContentView.swift */ = {isa = PBXFileReference; lastKnownFileType = sourcecode.swift; path = ContentView.swift; sourceTree = "<group>"; };
		ACDED372249F4B5C007B7FFB /* Assets.xcassets */ = {isa = PBXFileReference; lastKnownFileType = folder.assetcatalog; path = Assets.xcassets; sourceTree = "<group>"; };
		ACDED375249F4B5C007B7FFB /* Preview Assets.xcassets */ = {isa = PBXFileReference; lastKnownFileType = folder.assetcatalog; path = "Preview Assets.xcassets"; sourceTree = "<group>"; };
		ACDED378249F4B5C007B7FFB /* Base */ = {isa = PBXFileReference; lastKnownFileType = file.storyboard; name = Base; path = Base.lproj/LaunchScreen.storyboard; sourceTree = "<group>"; };
		ACDED37A249F4B5C007B7FFB /* Info.plist */ = {isa = PBXFileReference; lastKnownFileType = text.plist.xml; path = Info.plist; sourceTree = "<group>"; };
		ACDED380249F6D10007B7FFB /* MyTextViews.swift */ = {isa = PBXFileReference; lastKnownFileType = sourcecode.swift; path = MyTextViews.swift; sourceTree = "<group>"; };
		ACDED382249F6D67007B7FFB /* Enums.swift */ = {isa = PBXFileReference; lastKnownFileType = sourcecode.swift; path = Enums.swift; sourceTree = "<group>"; };
		ACDED385249F6DFE007B7FFB /* SFProText-Regular.ttf */ = {isa = PBXFileReference; lastKnownFileType = file; path = "SFProText-Regular.ttf"; sourceTree = "<group>"; };
		ACDED386249F6DFF007B7FFB /* SFProText-Heavy.ttf */ = {isa = PBXFileReference; lastKnownFileType = file; path = "SFProText-Heavy.ttf"; sourceTree = "<group>"; };
		ACDED387249F6DFF007B7FFB /* SFProText-Medium.ttf */ = {isa = PBXFileReference; lastKnownFileType = file; path = "SFProText-Medium.ttf"; sourceTree = "<group>"; };
		ACDED388249F6DFF007B7FFB /* SFProText-Semibold.ttf */ = {isa = PBXFileReference; lastKnownFileType = file; path = "SFProText-Semibold.ttf"; sourceTree = "<group>"; };
		ACDED389249F6DFF007B7FFB /* SFProText-Bold.ttf */ = {isa = PBXFileReference; lastKnownFileType = file; path = "SFProText-Bold.ttf"; sourceTree = "<group>"; };
		ACDED38F249FB9CC007B7FFB /* ViewModal.swift */ = {isa = PBXFileReference; lastKnownFileType = sourcecode.swift; path = ViewModal.swift; sourceTree = "<group>"; };
		ACDED394249FC440007B7FFB /* ModalPopUpView.swift */ = {isa = PBXFileReference; lastKnownFileType = sourcecode.swift; path = ModalPopUpView.swift; sourceTree = "<group>"; };
/* End PBXFileReference section */

/* Begin PBXFrameworksBuildPhase section */
		04DB177D24A213D3008687C3 /* Frameworks */ = {
			isa = PBXFrameworksBuildPhase;
			buildActionMask = 2147483647;
			files = (
				04DB178524A213D3008687C3 /* SwiftUI.framework in Frameworks */,
				04DB178324A213D3008687C3 /* WidgetKit.framework in Frameworks */,
			);
			runOnlyForDeploymentPostprocessing = 0;
		};
		ACDED366249F4B58007B7FFB /* Frameworks */ = {
			isa = PBXFrameworksBuildPhase;
			buildActionMask = 2147483647;
			files = (
			);
			runOnlyForDeploymentPostprocessing = 0;
		};
/* End PBXFrameworksBuildPhase section */

/* Begin PBXGroup section */
		04DB178124A213D3008687C3 /* Frameworks */ = {
			isa = PBXGroup;
			children = (
				04DB178224A213D3008687C3 /* WidgetKit.framework */,
				04DB178424A213D3008687C3 /* SwiftUI.framework */,
			);
			name = Frameworks;
			sourceTree = "<group>";
		};
		04DB178624A213D3008687C3 /* Analysis of Browsing */ = {
			isa = PBXGroup;
			children = (
				04DB178724A213D3008687C3 /* Analysis_of_Browsing.swift */,
				04DB17A324A22885008687C3 /* ArcForWidget.swift */,
				04DB178924A213D3008687C3 /* Analysis_of_Browsing.intentdefinition */,
				04DB178A24A213D6008687C3 /* Assets.xcassets */,
				04DB178C24A213D6008687C3 /* Info.plist */,
			);
			path = "Analysis of Browsing";
			sourceTree = "<group>";
		};
		ACDED360249F4B58007B7FFB = {
			isa = PBXGroup;
			children = (
				ACDED36B249F4B58007B7FFB /* SafeBrowse */,
				04DB178624A213D3008687C3 /* Analysis of Browsing */,
				04DB178124A213D3008687C3 /* Frameworks */,
				ACDED36A249F4B58007B7FFB /* Products */,
			);
			sourceTree = "<group>";
		};
		ACDED36A249F4B58007B7FFB /* Products */ = {
			isa = PBXGroup;
			children = (
				ACDED369249F4B58007B7FFB /* Safe Browser.app */,
				04DB178024A213D3008687C3 /* Analysis of BrowsingExtension.appex */,
			);
			name = Products;
			sourceTree = "<group>";
		};
		ACDED36B249F4B58007B7FFB /* SafeBrowse */ = {
			isa = PBXGroup;
			children = (
				ACDED384249F6DE0007B7FFB /* Fonts */,
				ACDED36C249F4B58007B7FFB /* AppDelegate.swift */,
				ACDED36E249F4B58007B7FFB /* SceneDelegate.swift */,
				ACDED391249FC406007B7FFB /* View */,
				ACDED392249FC413007B7FFB /* ViewModal */,
				ACDED393249FC425007B7FFB /* Enum */,
				ACDED372249F4B5C007B7FFB /* Assets.xcassets */,
				ACDED377249F4B5C007B7FFB /* LaunchScreen.storyboard */,
				ACDED37A249F4B5C007B7FFB /* Info.plist */,
				ACDED374249F4B5C007B7FFB /* Preview Content */,
			);
			path = SafeBrowse;
			sourceTree = "<group>";
		};
		ACDED374249F4B5C007B7FFB /* Preview Content */ = {
			isa = PBXGroup;
			children = (
				ACDED375249F4B5C007B7FFB /* Preview Assets.xcassets */,
			);
			path = "Preview Content";
			sourceTree = "<group>";
		};
		ACDED384249F6DE0007B7FFB /* Fonts */ = {
			isa = PBXGroup;
			children = (
				ACDED389249F6DFF007B7FFB /* SFProText-Bold.ttf */,
				ACDED386249F6DFF007B7FFB /* SFProText-Heavy.ttf */,
				ACDED387249F6DFF007B7FFB /* SFProText-Medium.ttf */,
				ACDED385249F6DFE007B7FFB /* SFProText-Regular.ttf */,
				ACDED388249F6DFF007B7FFB /* SFProText-Semibold.ttf */,
			);
			path = Fonts;
			sourceTree = "<group>";
		};
		ACDED391249FC406007B7FFB /* View */ = {
			isa = PBXGroup;
			children = (
				ACDED370249F4B58007B7FFB /* ContentView.swift */,
				AC0385AC24A0277600323238 /* WebBrowserView.swift */,
				AC0385AE24A0279A00323238 /* SmallButtonView.swift */,
				ACDED380249F6D10007B7FFB /* MyTextViews.swift */,
				ACDED394249FC440007B7FFB /* ModalPopUpView.swift */,
				AC0385B024A027FE00323238 /* ArcAndDataAnalyticsView.swift */,
				04DB179624A21491008687C3 /* DrawArc.swift */,
			);
			path = View;
			sourceTree = "<group>";
		};
		ACDED392249FC413007B7FFB /* ViewModal */ = {
			isa = PBXGroup;
			children = (
				ACDED38F249FB9CC007B7FFB /* ViewModal.swift */,
			);
			path = ViewModal;
			sourceTree = "<group>";
		};
		ACDED393249FC425007B7FFB /* Enum */ = {
			isa = PBXGroup;
			children = (
				ACDED382249F6D67007B7FFB /* Enums.swift */,
			);
			path = Enum;
			sourceTree = "<group>";
		};
/* End PBXGroup section */

/* Begin PBXNativeTarget section */
		04DB177F24A213D3008687C3 /* Analysis of BrowsingExtension */ = {
			isa = PBXNativeTarget;
			buildConfigurationList = 04DB179524A213D6008687C3 /* Build configuration list for PBXNativeTarget "Analysis of BrowsingExtension" */;
			buildPhases = (
				04DB177C24A213D3008687C3 /* Sources */,
				04DB177D24A213D3008687C3 /* Frameworks */,
				04DB177E24A213D3008687C3 /* Resources */,
			);
			buildRules = (
			);
			dependencies = (
			);
			name = "Analysis of BrowsingExtension";
			productName = "Analysis of BrowsingExtension";
			productReference = 04DB178024A213D3008687C3 /* Analysis of BrowsingExtension.appex */;
			productType = "com.apple.product-type.app-extension";
		};
		ACDED368249F4B58007B7FFB /* SafeBrowse */ = {
			isa = PBXNativeTarget;
			buildConfigurationList = ACDED37D249F4B5C007B7FFB /* Build configuration list for PBXNativeTarget "SafeBrowse" */;
			buildPhases = (
				ACDED365249F4B58007B7FFB /* Sources */,
				ACDED366249F4B58007B7FFB /* Frameworks */,
				ACDED367249F4B58007B7FFB /* Resources */,
				04DB179224A213D6008687C3 /* Embed App Extensions */,
			);
			buildRules = (
			);
			dependencies = (
				04DB179024A213D6008687C3 /* PBXTargetDependency */,
			);
			name = SafeBrowse;
			productName = SafeBrowse;
			productReference = ACDED369249F4B58007B7FFB /* Safe Browser.app */;
			productType = "com.apple.product-type.application";
		};
/* End PBXNativeTarget section */

/* Begin PBXProject section */
		ACDED361249F4B58007B7FFB /* Project object */ = {
			isa = PBXProject;
			attributes = {
				LastSwiftUpdateCheck = 1200;
				LastUpgradeCheck = 1130;
				ORGANIZATIONNAME = "mohammad mugish";
				TargetAttributes = {
					04DB177F24A213D3008687C3 = {
						CreatedOnToolsVersion = 12.0;
					};
					ACDED368249F4B58007B7FFB = {
						CreatedOnToolsVersion = 11.3.1;
					};
				};
			};
			buildConfigurationList = ACDED364249F4B58007B7FFB /* Build configuration list for PBXProject "SafeBrowse" */;
			compatibilityVersion = "Xcode 9.3";
			developmentRegion = en;
			hasScannedForEncodings = 0;
			knownRegions = (
				en,
				Base,
			);
			mainGroup = ACDED360249F4B58007B7FFB;
			productRefGroup = ACDED36A249F4B58007B7FFB /* Products */;
			projectDirPath = "";
			projectRoot = "";
			targets = (
				ACDED368249F4B58007B7FFB /* SafeBrowse */,
				04DB177F24A213D3008687C3 /* Analysis of BrowsingExtension */,
			);
		};
/* End PBXProject section */

/* Begin PBXResourcesBuildPhase section */
		04DB177E24A213D3008687C3 /* Resources */ = {
			isa = PBXResourcesBuildPhase;
			buildActionMask = 2147483647;
			files = (
				04DB178B24A213D6008687C3 /* Assets.xcassets in Resources */,
				04DB179C24A215C3008687C3 /* SFProText-Medium.ttf in Resources */,
				04DB179F24A215C3008687C3 /* SFProText-Bold.ttf in Resources */,
				04DB179D24A215C3008687C3 /* SFProText-Semibold.ttf in Resources */,
				04DB17A024A215C3008687C3 /* SFProText-Heavy.ttf in Resources */,
				04DB179E24A215C3008687C3 /* SFProText-Regular.ttf in Resources */,
			);
			runOnlyForDeploymentPostprocessing = 0;
		};
		ACDED367249F4B58007B7FFB /* Resources */ = {
			isa = PBXResourcesBuildPhase;
			buildActionMask = 2147483647;
			files = (
				ACDED379249F4B5C007B7FFB /* LaunchScreen.storyboard in Resources */,
				ACDED376249F4B5C007B7FFB /* Preview Assets.xcassets in Resources */,
				ACDED38D249F7C85007B7FFB /* SFProText-Regular.ttf in Resources */,
				ACDED373249F4B5C007B7FFB /* Assets.xcassets in Resources */,
				ACDED38C249F7C82007B7FFB /* SFProText-Medium.ttf in Resources */,
				ACDED38E249F7C88007B7FFB /* SFProText-Semibold.ttf in Resources */,
				ACDED38A249F7C7E007B7FFB /* SFProText-Bold.ttf in Resources */,
				ACDED38B249F7C80007B7FFB /* SFProText-Heavy.ttf in Resources */,
			);
			runOnlyForDeploymentPostprocessing = 0;
		};
/* End PBXResourcesBuildPhase section */

/* Begin PBXSourcesBuildPhase section */
		04DB177C24A213D3008687C3 /* Sources */ = {
			isa = PBXSourcesBuildPhase;
			buildActionMask = 2147483647;
			files = (
				04DB178D24A213D6008687C3 /* Analysis_of_Browsing.intentdefinition in Sources */,
				04DB178824A213D3008687C3 /* Analysis_of_Browsing.swift in Sources */,
				04DB179A24A215A6008687C3 /* MyTextViews.swift in Sources */,
				04DB179B24A215BB008687C3 /* Enums.swift in Sources */,
				04DB17A524A2288B008687C3 /* ArcForWidget.swift in Sources */,
			);
			runOnlyForDeploymentPostprocessing = 0;
		};
		ACDED365249F4B58007B7FFB /* Sources */ = {
			isa = PBXSourcesBuildPhase;
			buildActionMask = 2147483647;
			files = (
				AC0385AF24A0279A00323238 /* SmallButtonView.swift in Sources */,
				04DB178E24A213D6008687C3 /* Analysis_of_Browsing.intentdefinition in Sources */,
				ACDED390249FB9CC007B7FFB /* ViewModal.swift in Sources */,
				AC0385B124A027FE00323238 /* ArcAndDataAnalyticsView.swift in Sources */,
				ACDED381249F6D10007B7FFB /* MyTextViews.swift in Sources */,
				ACDED383249F6D67007B7FFB /* Enums.swift in Sources */,
				ACDED36D249F4B58007B7FFB /* AppDelegate.swift in Sources */,
				AC0385AD24A0277600323238 /* WebBrowserView.swift in Sources */,
				04DB179724A21491008687C3 /* DrawArc.swift in Sources */,
				ACDED395249FC440007B7FFB /* ModalPopUpView.swift in Sources */,
				ACDED36F249F4B58007B7FFB /* SceneDelegate.swift in Sources */,
				ACDED371249F4B58007B7FFB /* ContentView.swift in Sources */,
			);
			runOnlyForDeploymentPostprocessing = 0;
		};
/* End PBXSourcesBuildPhase section */

/* Begin PBXTargetDependency section */
		04DB179024A213D6008687C3 /* PBXTargetDependency */ = {
			isa = PBXTargetDependency;
			target = 04DB177F24A213D3008687C3 /* Analysis of BrowsingExtension */;
			targetProxy = 04DB178F24A213D6008687C3 /* PBXContainerItemProxy */;
		};
/* End PBXTargetDependency section */

/* Begin PBXVariantGroup section */
		ACDED377249F4B5C007B7FFB /* LaunchScreen.storyboard */ = {
			isa = PBXVariantGroup;
			children = (
				ACDED378249F4B5C007B7FFB /* Base */,
			);
			name = LaunchScreen.storyboard;
			sourceTree = "<group>";
		};
/* End PBXVariantGroup section */

/* Begin XCBuildConfiguration section */
		04DB179324A213D6008687C3 /* Debug */ = {
			isa = XCBuildConfiguration;
			buildSettings = {
				ASSETCATALOG_COMPILER_GLOBAL_ACCENT_COLOR_NAME = AccentColor;
				ASSETCATALOG_COMPILER_WIDGET_BACKGROUND_COLOR_NAME = WidgetBackground;
				CLANG_WARN_QUOTED_INCLUDE_IN_FRAMEWORK_HEADER = YES;
				CODE_SIGN_STYLE = Automatic;
				DEVELOPMENT_TEAM = 898D22Z9A6;
				INFOPLIST_FILE = "Analysis of Browsing/Info.plist";
				IPHONEOS_DEPLOYMENT_TARGET = 14.0;
				LD_RUNPATH_SEARCH_PATHS = (
					"$(inherited)",
					"@executable_path/Frameworks",
					"@executable_path/../../Frameworks",
				);
				PRODUCT_BUNDLE_IDENTIFIER = "Softech.SafeBrowse.Analysis-of-Browsing";
				PRODUCT_NAME = "$(TARGET_NAME)";
				SKIP_INSTALL = YES;
				SWIFT_VERSION = 5.0;
				TARGETED_DEVICE_FAMILY = "1,2";
			};
			name = Debug;
		};
		04DB179424A213D6008687C3 /* Release */ = {
			isa = XCBuildConfiguration;
			buildSettings = {
				ASSETCATALOG_COMPILER_GLOBAL_ACCENT_COLOR_NAME = AccentColor;
				ASSETCATALOG_COMPILER_WIDGET_BACKGROUND_COLOR_NAME = WidgetBackground;
				CLANG_WARN_QUOTED_INCLUDE_IN_FRAMEWORK_HEADER = YES;
				CODE_SIGN_STYLE = Automatic;
				DEVELOPMENT_TEAM = 898D22Z9A6;
				INFOPLIST_FILE = "Analysis of Browsing/Info.plist";
				IPHONEOS_DEPLOYMENT_TARGET = 14.0;
				LD_RUNPATH_SEARCH_PATHS = (
					"$(inherited)",
					"@executable_path/Frameworks",
					"@executable_path/../../Frameworks",
				);
				PRODUCT_BUNDLE_IDENTIFIER = "Softech.SafeBrowse.Analysis-of-Browsing";
				PRODUCT_NAME = "$(TARGET_NAME)";
				SKIP_INSTALL = YES;
				SWIFT_VERSION = 5.0;
				TARGETED_DEVICE_FAMILY = "1,2";
			};
			name = Release;
		};
		ACDED37B249F4B5C007B7FFB /* Debug */ = {
			isa = XCBuildConfiguration;
			buildSettings = {
				ALWAYS_SEARCH_USER_PATHS = NO;
				CLANG_ANALYZER_NONNULL = YES;
				CLANG_ANALYZER_NUMBER_OBJECT_CONVERSION = YES_AGGRESSIVE;
				CLANG_CXX_LANGUAGE_STANDARD = "gnu++14";
				CLANG_CXX_LIBRARY = "libc++";
				CLANG_ENABLE_MODULES = YES;
				CLANG_ENABLE_OBJC_ARC = YES;
				CLANG_ENABLE_OBJC_WEAK = YES;
				CLANG_WARN_BLOCK_CAPTURE_AUTORELEASING = YES;
				CLANG_WARN_BOOL_CONVERSION = YES;
				CLANG_WARN_COMMA = YES;
				CLANG_WARN_CONSTANT_CONVERSION = YES;
				CLANG_WARN_DEPRECATED_OBJC_IMPLEMENTATIONS = YES;
				CLANG_WARN_DIRECT_OBJC_ISA_USAGE = YES_ERROR;
				CLANG_WARN_DOCUMENTATION_COMMENTS = YES;
				CLANG_WARN_EMPTY_BODY = YES;
				CLANG_WARN_ENUM_CONVERSION = YES;
				CLANG_WARN_INFINITE_RECURSION = YES;
				CLANG_WARN_INT_CONVERSION = YES;
				CLANG_WARN_NON_LITERAL_NULL_CONVERSION = YES;
				CLANG_WARN_OBJC_IMPLICIT_RETAIN_SELF = YES;
				CLANG_WARN_OBJC_LITERAL_CONVERSION = YES;
				CLANG_WARN_OBJC_ROOT_CLASS = YES_ERROR;
				CLANG_WARN_RANGE_LOOP_ANALYSIS = YES;
				CLANG_WARN_STRICT_PROTOTYPES = YES;
				CLANG_WARN_SUSPICIOUS_MOVE = YES;
				CLANG_WARN_UNGUARDED_AVAILABILITY = YES_AGGRESSIVE;
				CLANG_WARN_UNREACHABLE_CODE = YES;
				CLANG_WARN__DUPLICATE_METHOD_MATCH = YES;
				COPY_PHASE_STRIP = NO;
				DEBUG_INFORMATION_FORMAT = dwarf;
				ENABLE_STRICT_OBJC_MSGSEND = YES;
				ENABLE_TESTABILITY = YES;
				GCC_C_LANGUAGE_STANDARD = gnu11;
				GCC_DYNAMIC_NO_PIC = NO;
				GCC_NO_COMMON_BLOCKS = YES;
				GCC_OPTIMIZATION_LEVEL = 0;
				GCC_PREPROCESSOR_DEFINITIONS = (
					"DEBUG=1",
					"$(inherited)",
				);
				GCC_WARN_64_TO_32_BIT_CONVERSION = YES;
				GCC_WARN_ABOUT_RETURN_TYPE = YES_ERROR;
				GCC_WARN_UNDECLARED_SELECTOR = YES;
				GCC_WARN_UNINITIALIZED_AUTOS = YES_AGGRESSIVE;
				GCC_WARN_UNUSED_FUNCTION = YES;
				GCC_WARN_UNUSED_VARIABLE = YES;
				IPHONEOS_DEPLOYMENT_TARGET = 13.2;
				MTL_ENABLE_DEBUG_INFO = INCLUDE_SOURCE;
				MTL_FAST_MATH = YES;
				ONLY_ACTIVE_ARCH = YES;
				SDKROOT = iphoneos;
				SWIFT_ACTIVE_COMPILATION_CONDITIONS = DEBUG;
				SWIFT_OPTIMIZATION_LEVEL = "-Onone";
			};
			name = Debug;
		};
		ACDED37C249F4B5C007B7FFB /* Release */ = {
			isa = XCBuildConfiguration;
			buildSettings = {
				ALWAYS_SEARCH_USER_PATHS = NO;
				CLANG_ANALYZER_NONNULL = YES;
				CLANG_ANALYZER_NUMBER_OBJECT_CONVERSION = YES_AGGRESSIVE;
				CLANG_CXX_LANGUAGE_STANDARD = "gnu++14";
				CLANG_CXX_LIBRARY = "libc++";
				CLANG_ENABLE_MODULES = YES;
				CLANG_ENABLE_OBJC_ARC = YES;
				CLANG_ENABLE_OBJC_WEAK = YES;
				CLANG_WARN_BLOCK_CAPTURE_AUTORELEASING = YES;
				CLANG_WARN_BOOL_CONVERSION = YES;
				CLANG_WARN_COMMA = YES;
				CLANG_WARN_CONSTANT_CONVERSION = YES;
				CLANG_WARN_DEPRECATED_OBJC_IMPLEMENTATIONS = YES;
				CLANG_WARN_DIRECT_OBJC_ISA_USAGE = YES_ERROR;
				CLANG_WARN_DOCUMENTATION_COMMENTS = YES;
				CLANG_WARN_EMPTY_BODY = YES;
				CLANG_WARN_ENUM_CONVERSION = YES;
				CLANG_WARN_INFINITE_RECURSION = YES;
				CLANG_WARN_INT_CONVERSION = YES;
				CLANG_WARN_NON_LITERAL_NULL_CONVERSION = YES;
				CLANG_WARN_OBJC_IMPLICIT_RETAIN_SELF = YES;
				CLANG_WARN_OBJC_LITERAL_CONVERSION = YES;
				CLANG_WARN_OBJC_ROOT_CLASS = YES_ERROR;
				CLANG_WARN_RANGE_LOOP_ANALYSIS = YES;
				CLANG_WARN_STRICT_PROTOTYPES = YES;
				CLANG_WARN_SUSPICIOUS_MOVE = YES;
				CLANG_WARN_UNGUARDED_AVAILABILITY = YES_AGGRESSIVE;
				CLANG_WARN_UNREACHABLE_CODE = YES;
				CLANG_WARN__DUPLICATE_METHOD_MATCH = YES;
				COPY_PHASE_STRIP = NO;
				DEBUG_INFORMATION_FORMAT = "dwarf-with-dsym";
				ENABLE_NS_ASSERTIONS = NO;
				ENABLE_STRICT_OBJC_MSGSEND = YES;
				GCC_C_LANGUAGE_STANDARD = gnu11;
				GCC_NO_COMMON_BLOCKS = YES;
				GCC_WARN_64_TO_32_BIT_CONVERSION = YES;
				GCC_WARN_ABOUT_RETURN_TYPE = YES_ERROR;
				GCC_WARN_UNDECLARED_SELECTOR = YES;
				GCC_WARN_UNINITIALIZED_AUTOS = YES_AGGRESSIVE;
				GCC_WARN_UNUSED_FUNCTION = YES;
				GCC_WARN_UNUSED_VARIABLE = YES;
				IPHONEOS_DEPLOYMENT_TARGET = 13.2;
				MTL_ENABLE_DEBUG_INFO = NO;
				MTL_FAST_MATH = YES;
				SDKROOT = iphoneos;
				SWIFT_COMPILATION_MODE = wholemodule;
				SWIFT_OPTIMIZATION_LEVEL = "-O";
				VALIDATE_PRODUCT = YES;
			};
			name = Release;
		};
		ACDED37E249F4B5C007B7FFB /* Debug */ = {
			isa = XCBuildConfiguration;
			buildSettings = {
				ALWAYS_EMBED_SWIFT_STANDARD_LIBRARIES = YES;
				ASSETCATALOG_COMPILER_APPICON_NAME = AppIcon;
				CODE_SIGN_STYLE = Automatic;
				DEVELOPMENT_ASSET_PATHS = "\"SafeBrowse/Preview Content\"";
				DEVELOPMENT_TEAM = 898D22Z9A6;
				ENABLE_PREVIEWS = YES;
				INFOPLIST_FILE = SafeBrowse/Info.plist;
				LD_RUNPATH_SEARCH_PATHS = (
					"$(inherited)",
					"@executable_path/Frameworks",
				);
				PRODUCT_BUNDLE_IDENTIFIER = Softech.SafeBrowse;
				PRODUCT_NAME = "Safe Browser";
				SWIFT_VERSION = 5.0;
				TARGETED_DEVICE_FAMILY = 1;
			};
			name = Debug;
		};
		ACDED37F249F4B5C007B7FFB /* Release */ = {
			isa = XCBuildConfiguration;
			buildSettings = {
				ALWAYS_EMBED_SWIFT_STANDARD_LIBRARIES = YES;
				ASSETCATALOG_COMPILER_APPICON_NAME = AppIcon;
				CODE_SIGN_STYLE = Automatic;
				DEVELOPMENT_ASSET_PATHS = "\"SafeBrowse/Preview Content\"";
				DEVELOPMENT_TEAM = 898D22Z9A6;
				ENABLE_PREVIEWS = YES;
				INFOPLIST_FILE = SafeBrowse/Info.plist;
				LD_RUNPATH_SEARCH_PATHS = (
					"$(inherited)",
					"@executable_path/Frameworks",
				);
				PRODUCT_BUNDLE_IDENTIFIER = Softech.SafeBrowse;
				PRODUCT_NAME = "Safe Browser";
				SWIFT_VERSION = 5.0;
				TARGETED_DEVICE_FAMILY = 1;
			};
			name = Release;
		};
/* End XCBuildConfiguration section */

/* Begin XCConfigurationList section */
		04DB179524A213D6008687C3 /* Build configuration list for PBXNativeTarget "Analysis of BrowsingExtension" */ = {
			isa = XCConfigurationList;
			buildConfigurations = (
				04DB179324A213D6008687C3 /* Debug */,
				04DB179424A213D6008687C3 /* Release */,
			);
			defaultConfigurationIsVisible = 0;
			defaultConfigurationName = Release;
		};
		ACDED364249F4B58007B7FFB /* Build configuration list for PBXProject "SafeBrowse" */ = {
			isa = XCConfigurationList;
			buildConfigurations = (
				ACDED37B249F4B5C007B7FFB /* Debug */,
				ACDED37C249F4B5C007B7FFB /* Release */,
			);
			defaultConfigurationIsVisible = 0;
			defaultConfigurationName = Release;
		};
		ACDED37D249F4B5C007B7FFB /* Build configuration list for PBXNativeTarget "SafeBrowse" */ = {
			isa = XCConfigurationList;
			buildConfigurations = (
				ACDED37E249F4B5C007B7FFB /* Debug */,
				ACDED37F249F4B5C007B7FFB /* Release */,
			);
			defaultConfigurationIsVisible = 0;
			defaultConfigurationName = Release;
		};
/* End XCConfigurationList section */
	};
	rootObject = ACDED361249F4B58007B7FFB /* Project object */;
}
